
Microsoft Visual Studio Solution File, Format Version 12.00
# Visual Studio Version 16
VisualStudioVersion = 16.0.32228.343
MinimumVisualStudioVersion = 10.0.40219.1
Project("{FAE04EC0-301F-11D3-BF4B-00C04F79EFBC}") = "StudentsManagmentSystem", "StudentsManagmentSystem.csproj", "{63965931-C593-4D94-BE96-63CD89543728}"
EndProject
Project("{2150E333-8FDC-42A3-9474-1A3956D46DE8}") = "Data", "Data", "{F738A12A-CB4C-45C4-AC23-CDC72027429C}"
EndProject
Project("{FAE04EC0-301F-11D3-BF4B-00C04F79EFBC}") = "StudentsManagmentSystem.Data", "..\Data\StudentsManagmentSystem.Data\StudentsManagmentSystem.Data.csproj", "{D8086264-7C7C-46E3-91C4-50BA13DED455}"
EndProject
Project("{FAE04EC0-301F-11D3-BF4B-00C04F79EFBC}") = "StudentsManagmentSystem.Data.Models", "..\Data\StudentsManagmentSystem.Data.Models\StudentsManagmentSystem.Data.Models.csproj", "{8DDCCAF4-98A8-407E-8669-F0340C85C6EB}"
EndProject
Global
	GlobalSection(SolutionConfigurationPlatforms) = preSolution
		Debug|Any CPU = Debug|Any CPU
		Release|Any CPU = Release|Any CPU
	EndGlobalSection
	GlobalSection(ProjectConfigurationPlatforms) = postSolution
		{63965931-C593-4D94-BE96-63CD89543728}.Debug|Any CPU.ActiveCfg = Debug|Any CPU
		{63965931-C593-4D94-BE96-63CD89543728}.Debug|Any CPU.Build.0 = Debug|Any CPU
		{63965931-C593-4D94-BE96-63CD89543728}.Release|Any CPU.ActiveCfg = Release|Any CPU
		{63965931-C593-4D94-BE96-63CD89543728}.Release|Any CPU.Build.0 = Release|Any CPU
		{D8086264-7C7C-46E3-91C4-50BA13DED455}.Debug|Any CPU.ActiveCfg = Debug|Any CPU
		{D8086264-7C7C-46E3-91C4-50BA13DED455}.Debug|Any CPU.Build.0 = Debug|Any CPU
		{D8086264-7C7C-46E3-91C4-50BA13DED455}.Release|Any CPU.ActiveCfg = Release|Any CPU
		{D8086264-7C7C-46E3-91C4-50BA13DED455}.Release|Any CPU.Build.0 = Release|Any CPU
		{8DDCCAF4-98A8-407E-8669-F0340C85C6EB}.Debug|Any CPU.ActiveCfg = Debug|Any CPU
		{8DDCCAF4-98A8-407E-8669-F0340C85C6EB}.Debug|Any CPU.Build.0 = Debug|Any CPU
		{8DDCCAF4-98A8-407E-8669-F0340C85C6EB}.Release|Any CPU.ActiveCfg = Release|Any CPU
		{8DDCCAF4-98A8-407E-8669-F0340C85C6EB}.Release|Any CPU.Build.0 = Release|Any CPU
	EndGlobalSection
	GlobalSection(SolutionProperties) = preSolution
		HideSolutionNode = FALSE
	EndGlobalSection
	GlobalSection(NestedProjects) = preSolution
		{D8086264-7C7C-46E3-91C4-50BA13DED455} = {F738A12A-CB4C-45C4-AC23-CDC72027429C}
		{8DDCCAF4-98A8-407E-8669-F0340C85C6EB} = {F738A12A-CB4C-45C4-AC23-CDC72027429C}
	EndGlobalSection
	GlobalSection(ExtensibilityGlobals) = postSolution
		SolutionGuid = {A0EB28C6-4CF8-47E2-886A-4417CF63A072}
	EndGlobalSection
EndGlobal
